
Microsoft Visual Studio Solution File, Format Version 12.00
# Visual Studio Version 17
VisualStudioVersion = 17.7.34009.444
MinimumVisualStudioVersion = 10.0.40219.1
Project("{FAE04EC0-301F-11D3-BF4B-00C04F79EFBC}") = "MIS3013_HW2_GPA_Problem", "MIS3013_HW2_GPA_Problem\MIS3013_HW2_GPA_Problem.csproj", "{697E206F-2885-41C8-85A6-38AA04CB6F36}"
EndProject
Global
	GlobalSection(SolutionConfigurationPlatforms) = preSolution
		Debug|Any CPU = Debug|Any CPU
		Release|Any CPU = Release|Any CPU
	EndGlobalSection
	GlobalSection(ProjectConfigurationPlatforms) = postSolution
		{697E206F-2885-41C8-85A6-38AA04CB6F36}.Debug|Any CPU.ActiveCfg = Debug|Any CPU
		{697E206F-2885-41C8-85A6-38AA04CB6F36}.Debug|Any CPU.Build.0 = Debug|Any CPU
		{697E206F-2885-41C8-85A6-38AA04CB6F36}.Release|Any CPU.ActiveCfg = Release|Any CPU
		{697E206F-2885-41C8-85A6-38AA04CB6F36}.Release|Any CPU.Build.0 = Release|Any CPU
	EndGlobalSection
	GlobalSection(SolutionProperties) = preSolution
		HideSolutionNode = FALSE
	EndGlobalSection
	GlobalSection(ExtensibilityGlobals) = postSolution
		SolutionGuid = {269F12DC-BA65-4AAA-ADA9-583D7020406B}
	EndGlobalSection
EndGlobal
